github.com/dchest/dhgroup14 v0.0.0-20160330194702-fcdeb176be79 h1:0C0lTjM2RXOb0u2mhrxCpbijto7KRD5uMK0OeycLGaI=
github.com/dchest/dhgroup14 v0.0.0-20160330194702-fcdeb176be79/go.mod h1:PFv66f5GjvlRmF37sCH4982pPxJvz4m5BdeqOmchzIk=
github.com/dchest/spipe v0.0.0-20141211082155-3e9327003730 h1:Fp3UlZ3JEw2l/lF1NRNP1jorJCqj27FMkzKGvHkW7a0=
github.com/dchest/spipe v0.0.0-20141211082155-3e9327003730/go.mod h1:7nEsCVVC3V6JfiXPsbiyhM62ZxFWmHUVtIvnCplAT3I=
github.com/msteinert/pam v1.1.0 h1:VhLun/0n0kQYxiRBJJvVpC2jR6d21SWJFjpvUVj20Kc=
github.com/msteinert/pam v1.1.0/go.mod h1:M4FPeAW8g2ITO68W8gACDz13NDJyOQM9IQsQhrR6TOI=
golang.org/x/crypto v0.8.0 h1:pd9TJtTueMTVQXzk8E2XESSMQDj/U7OUu0PqJqPXQjQ=
golang.org/x/crypto v0.8.0/go.mod h1:mRqEX+O9/h5TFCrQhkgjo2yKi0yYA+9ecGkdQoHrywE=
golang.org/x/sys v0.7.0 h1:3jlCCIQZPdOYu1h8BkNvLz8Kgwtae2cagcG/VamtZRU=
golang.org/x/term v0.7.0 h1:BEvjmm5fURWqcfbSKTdpkDXYBrUS1c0m8agp14W48vQ=
